
Microsoft Visual Studio Solution File, Format Version 12.00
# Visual Studio Version 16
VisualStudioVersion = 16.0.31005.135
MinimumVisualStudioVersion = 10.0.40219.1
Project("{9A19103F-16F7-4668-BE54-9A1E7A4F7556}") = "k173669_Lab1_Q1", "k173669_Lab1_Q1\k173669_Lab1_Q1.csproj", "{A4D35D2D-8E80-486A-B9A3-90D306A7D9C5}"
EndProject
Project("{9A19103F-16F7-4668-BE54-9A1E7A4F7556}") = "k173669_Lab1_Q2", "k173669_Lab1_Q2\k173669_Lab1_Q2.csproj", "{4F9F94B7-F774-4C5A-924A-E41A25B413D7}"
EndProject
Project("{FAE04EC0-301F-11D3-BF4B-00C04F79EFBC}") = "k173669_Lab1_Q3", "IPT_Lab1_Q3\k173669_Lab1_Q3.csproj", "{A9D65147-633E-41E9-A569-C595FB0D6052}"
EndProject
Project("{FAE04EC0-301F-11D3-BF4B-00C04F79EFBC}") = "k173669_Lab1_Q4", "k173669_Lab1_Q4\k173669_Lab1_Q4.csproj", "{AA7A4CA1-9743-41B9-BCEC-FD41656C7C06}"
EndProject
Project("{FAE04EC0-301F-11D3-BF4B-00C04F79EFBC}") = "k173669_Lab1_Q5", "k173669_Lab1_Q5\k173669_Lab1_Q5.csproj", "{A58F1FA8-1FD2-4CEA-87F5-04AD1F1BA3C1}"
EndProject
Project("{FAE04EC0-301F-11D3-BF4B-00C04F79EFBC}") = "k173669_Lab1_Q6", "k173669_Lab1_Q6\k173669_Lab1_Q6.csproj", "{A8653D2C-83F8-46B6-9DF8-3C9D67A7F4AD}"
EndProject
Global
	GlobalSection(SolutionConfigurationPlatforms) = preSolution
		Debug|Any CPU = Debug|Any CPU
		Release|Any CPU = Release|Any CPU
	EndGlobalSection
	GlobalSection(ProjectConfigurationPlatforms) = postSolution
		{A4D35D2D-8E80-486A-B9A3-90D306A7D9C5}.Debug|Any CPU.ActiveCfg = Debug|Any CPU
		{A4D35D2D-8E80-486A-B9A3-90D306A7D9C5}.Debug|Any CPU.Build.0 = Debug|Any CPU
		{A4D35D2D-8E80-486A-B9A3-90D306A7D9C5}.Release|Any CPU.ActiveCfg = Release|Any CPU
		{A4D35D2D-8E80-486A-B9A3-90D306A7D9C5}.Release|Any CPU.Build.0 = Release|Any CPU
		{4F9F94B7-F774-4C5A-924A-E41A25B413D7}.Debug|Any CPU.ActiveCfg = Debug|Any CPU
		{4F9F94B7-F774-4C5A-924A-E41A25B413D7}.Debug|Any CPU.Build.0 = Debug|Any CPU
		{4F9F94B7-F774-4C5A-924A-E41A25B413D7}.Release|Any CPU.ActiveCfg = Release|Any CPU
		{4F9F94B7-F774-4C5A-924A-E41A25B413D7}.Release|Any CPU.Build.0 = Release|Any CPU
		{A9D65147-633E-41E9-A569-C595FB0D6052}.Debug|Any CPU.ActiveCfg = Debug|Any CPU
		{A9D65147-633E-41E9-A569-C595FB0D6052}.Debug|Any CPU.Build.0 = Debug|Any CPU
		{A9D65147-633E-41E9-A569-C595FB0D6052}.Release|Any CPU.ActiveCfg = Release|Any CPU
		{A9D65147-633E-41E9-A569-C595FB0D6052}.Release|Any CPU.Build.0 = Release|Any CPU
		{AA7A4CA1-9743-41B9-BCEC-FD41656C7C06}.Debug|Any CPU.ActiveCfg = Debug|Any CPU
		{AA7A4CA1-9743-41B9-BCEC-FD41656C7C06}.Debug|Any CPU.Build.0 = Debug|Any CPU
		{AA7A4CA1-9743-41B9-BCEC-FD41656C7C06}.Release|Any CPU.ActiveCfg = Release|Any CPU
		{AA7A4CA1-9743-41B9-BCEC-FD41656C7C06}.Release|Any CPU.Build.0 = Release|Any CPU
		{A58F1FA8-1FD2-4CEA-87F5-04AD1F1BA3C1}.Debug|Any CPU.ActiveCfg = Debug|Any CPU
		{A58F1FA8-1FD2-4CEA-87F5-04AD1F1BA3C1}.Debug|Any CPU.Build.0 = Debug|Any CPU
		{A58F1FA8-1FD2-4CEA-87F5-04AD1F1BA3C1}.Release|Any CPU.ActiveCfg = Release|Any CPU
		{A58F1FA8-1FD2-4CEA-87F5-04AD1F1BA3C1}.Release|Any CPU.Build.0 = Release|Any CPU
		{A8653D2C-83F8-46B6-9DF8-3C9D67A7F4AD}.Debug|Any CPU.ActiveCfg = Debug|Any CPU
		{A8653D2C-83F8-46B6-9DF8-3C9D67A7F4AD}.Debug|Any CPU.Build.0 = Debug|Any CPU
		{A8653D2C-83F8-46B6-9DF8-3C9D67A7F4AD}.Release|Any CPU.ActiveCfg = Release|Any CPU
		{A8653D2C-83F8-46B6-9DF8-3C9D67A7F4AD}.Release|Any CPU.Build.0 = Release|Any CPU
	EndGlobalSection
	GlobalSection(SolutionProperties) = preSolution
		HideSolutionNode = FALSE
	EndGlobalSection
	GlobalSection(ExtensibilityGlobals) = postSolution
		SolutionGuid = {BB3A3385-A8B2-45C4-9B40-34D4BE326508}
	EndGlobalSection
EndGlobal
